// !$*UTF8*$!
{
	archiveVersion = 1;
	classes = {
	};
	objectVersion = 77;
	objects = {

/* Begin PBXBuildFile section */
		82458E4C2F1263010021B230 /* BackgroundTextViewModifier.swift in Sources */ = {isa = PBXBuildFile; fileRef = 82458E4B2F1263010021B230 /* BackgroundTextViewModifier.swift */; };
		82458E4F2F1265BD0021B230 /* ChapterPickerView.swift in Sources */ = {isa = PBXBuildFile; fileRef = 82458E4E2F1265BD0021B230 /* ChapterPickerView.swift */; };
		82CEE2C52F11687E002CC056 /* bookReaderApp.swift in Sources */ = {isa = PBXBuildFile; fileRef = 82CEE2C22F11687E002CC056 /* bookReaderApp.swift */; };
		82CEE2C72F11687E002CC056 /* Assets.xcassets in Resources */ = {isa = PBXBuildFile; fileRef = 82CEE2C12F11687E002CC056 /* Assets.xcassets */; };
		82CEE2C92F116A2F002CC056 /* NetworkService.swift in Sources */ = {isa = PBXBuildFile; fileRef = 82CEE2C82F116A2F002CC056 /* NetworkService.swift */; };
		82CEE2CB2F116A40002CC056 /* BookModel.swift in Sources */ = {isa = PBXBuildFile; fileRef = 82CEE2CA2F116A3F002CC056 /* BookModel.swift */; };
		82CEE2D02F116BDA002CC056 /* ParentPageView.swift in Sources */ = {isa = PBXBuildFile; fileRef = 82CEE2CF2F116BDA002CC056 /* ParentPageView.swift */; };
		82CEE2D22F116BE5002CC056 /* PageView.swift in Sources */ = {isa = PBXBuildFile; fileRef = 82CEE2D12F116BE5002CC056 /* PageView.swift */; };
		82CEE2D42F116C04002CC056 /* HomeViewModel.swift in Sources */ = {isa = PBXBuildFile; fileRef = 82CEE2D32F116C04002CC056 /* HomeViewModel.swift */; };
		82CEE2D72F116C61002CC056 /* LoadingView.swift in Sources */ = {isa = PBXBuildFile; fileRef = 82CEE2D62F116C61002CC056 /* LoadingView.swift */; };
		82CEE2E62F116F0D002CC056 /* FetchBookContentRequest.swift in Sources */ = {isa = PBXBuildFile; fileRef = 82CEE2E52F116F0D002CC056 /* FetchBookContentRequest.swift */; };
		82CEE2E82F116F6C002CC056 /* Key.swift in Sources */ = {isa = PBXBuildFile; fileRef = 82CEE2E72F116F6C002CC056 /* Key.swift */; };
		82CEE2EB2F117140002CC056 /* Requestable.swift in Sources */ = {isa = PBXBuildFile; fileRef = 82CEE2EA2F117140002CC056 /* Requestable.swift */; };
		82CEE2EF2F1171EF002CC056 /* RequestBuilder.swift in Sources */ = {isa = PBXBuildFile; fileRef = 82CEE2EE2F1171EF002CC056 /* RequestBuilder.swift */; };
		82CEE2F72F118F7D002CC056 /* ErrorNetworkResponse.swift in Sources */ = {isa = PBXBuildFile; fileRef = 82CEE2F62F118F7D002CC056 /* ErrorNetworkResponse.swift */; };
		82CEE2FA2F11B7E1002CC056 /* String.swift in Sources */ = {isa = PBXBuildFile; fileRef = 82CEE2F92F11B7E1002CC056 /* String.swift */; };
		82CEE2FC2F11CDF9002CC056 /* HomeView.swift in Sources */ = {isa = PBXBuildFile; fileRef = 82CEE2FB2F11CDF9002CC056 /* HomeView.swift */; };
		82CEE30B2F11E0DC002CC056 /* AppData.xcdatamodeld in Sources */ = {isa = PBXBuildFile; fileRef = 82CEE3092F11E0DC002CC056 /* AppData.xcdatamodeld */; };
		82CEE30D2F11E225002CC056 /* CoreDataService.swift in Sources */ = {isa = PBXBuildFile; fileRef = 82CEE30C2F11E225002CC056 /* CoreDataService.swift */; };
		82CEE31F2F1210FA002CC056 /* PageViewModel.swift in Sources */ = {isa = PBXBuildFile; fileRef = 82CEE31E2F1210FA002CC056 /* PageViewModel.swift */; };
		82CEE3212F1221C1002CC056 /* ParentPageViewModel.swift in Sources */ = {isa = PBXBuildFile; fileRef = 82CEE3202F1221C1002CC056 /* ParentPageViewModel.swift */; };
/* End PBXBuildFile section */

/* Begin PBXFileReference section */
		82458E4B2F1263010021B230 /* BackgroundTextViewModifier.swift */ = {isa = PBXFileReference; lastKnownFileType = sourcecode.swift; path = BackgroundTextViewModifier.swift; sourceTree = "<group>"; };
		82458E4E2F1265BD0021B230 /* ChapterPickerView.swift */ = {isa = PBXFileReference; lastKnownFileType = sourcecode.swift; path = ChapterPickerView.swift; sourceTree = "<group>"; };
		82CEE2B32F11686E002CC056 /* bookReader Watch App.app */ = {isa = PBXFileReference; explicitFileType = wrapper.application; includeInIndex = 0; path = "bookReader Watch App.app"; sourceTree = BUILT_PRODUCTS_DIR; };
		82CEE2C12F11687E002CC056 /* Assets.xcassets */ = {isa = PBXFileReference; lastKnownFileType = folder.assetcatalog; path = Assets.xcassets; sourceTree = "<group>"; };
		82CEE2C22F11687E002CC056 /* bookReaderApp.swift */ = {isa = PBXFileReference; lastKnownFileType = sourcecode.swift; path = bookReaderApp.swift; sourceTree = "<group>"; };
		82CEE2C82F116A2F002CC056 /* NetworkService.swift */ = {isa = PBXFileReference; lastKnownFileType = sourcecode.swift; path = NetworkService.swift; sourceTree = "<group>"; };
		82CEE2CA2F116A3F002CC056 /* BookModel.swift */ = {isa = PBXFileReference; lastKnownFileType = sourcecode.swift; path = BookModel.swift; sourceTree = "<group>"; };
		82CEE2CF2F116BDA002CC056 /* ParentPageView.swift */ = {isa = PBXFileReference; lastKnownFileType = sourcecode.swift; path = ParentPageView.swift; sourceTree = "<group>"; };
		82CEE2D12F116BE5002CC056 /* PageView.swift */ = {isa = PBXFileReference; lastKnownFileType = sourcecode.swift; path = PageView.swift; sourceTree = "<group>"; };
		82CEE2D32F116C04002CC056 /* HomeViewModel.swift */ = {isa = PBXFileReference; lastKnownFileType = sourcecode.swift; path = HomeViewModel.swift; sourceTree = "<group>"; };
		82CEE2D62F116C61002CC056 /* LoadingView.swift */ = {isa = PBXFileReference; lastKnownFileType = sourcecode.swift; path = LoadingView.swift; sourceTree = "<group>"; };
		82CEE2E52F116F0D002CC056 /* FetchBookContentRequest.swift */ = {isa = PBXFileReference; lastKnownFileType = sourcecode.swift; path = FetchBookContentRequest.swift; sourceTree = "<group>"; };
		82CEE2E72F116F6C002CC056 /* Key.swift */ = {isa = PBXFileReference; lastKnownFileType = sourcecode.swift; path = Key.swift; sourceTree = "<group>"; };
		82CEE2EA2F117140002CC056 /* Requestable.swift */ = {isa = PBXFileReference; lastKnownFileType = sourcecode.swift; path = Requestable.swift; sourceTree = "<group>"; };
		82CEE2EE2F1171EF002CC056 /* RequestBuilder.swift */ = {isa = PBXFileReference; lastKnownFileType = sourcecode.swift; path = RequestBuilder.swift; sourceTree = "<group>"; };
		82CEE2F62F118F7D002CC056 /* ErrorNetworkResponse.swift */ = {isa = PBXFileReference; lastKnownFileType = sourcecode.swift; path = ErrorNetworkResponse.swift; sourceTree = "<group>"; };
		82CEE2F82F11B251002CC056 /* bookReader-Watch-App-Info.plist */ = {isa = PBXFileReference; lastKnownFileType = text.plist; path = "bookReader-Watch-App-Info.plist"; sourceTree = SOURCE_ROOT; };
		82CEE2F92F11B7E1002CC056 /* String.swift */ = {isa = PBXFileReference; lastKnownFileType = sourcecode.swift; path = String.swift; sourceTree = "<group>"; };
		82CEE2FB2F11CDF9002CC056 /* HomeView.swift */ = {isa = PBXFileReference; lastKnownFileType = sourcecode.swift; path = HomeView.swift; sourceTree = "<group>"; };
		82CEE30A2F11E0DC002CC056 /* AppData.xcdatamodel */ = {isa = PBXFileReference; lastKnownFileType = wrapper.xcdatamodel; path = AppData.xcdatamodel; sourceTree = "<group>"; };
		82CEE30C2F11E225002CC056 /* CoreDataService.swift */ = {isa = PBXFileReference; lastKnownFileType = sourcecode.swift; path = CoreDataService.swift; sourceTree = "<group>"; };
		82CEE31E2F1210FA002CC056 /* PageViewModel.swift */ = {isa = PBXFileReference; lastKnownFileType = sourcecode.swift; path = PageViewModel.swift; sourceTree = "<group>"; };
		82CEE3202F1221C1002CC056 /* ParentPageViewModel.swift */ = {isa = PBXFileReference; lastKnownFileType = sourcecode.swift; path = ParentPageViewModel.swift; sourceTree = "<group>"; };
/* End PBXFileReference section */

/* Begin PBXFrameworksBuildPhase section */
		82CEE2B02F11686E002CC056 /* Frameworks */ = {
			isa = PBXFrameworksBuildPhase;
			buildActionMask = 2147483647;
			files = (
			);
			runOnlyForDeploymentPostprocessing = 0;
		};
/* End PBXFrameworksBuildPhase section */

/* Begin PBXGroup section */
		82458E4D2F1265350021B230 /* ViewModifier */ = {
			isa = PBXGroup;
			children = (
				82458E4B2F1263010021B230 /* BackgroundTextViewModifier.swift */,
			);
			path = ViewModifier;
			sourceTree = "<group>";
		};
		82CEE2AA2F11686E002CC056 = {
			isa = PBXGroup;
			children = (
				82CEE2C42F11687E002CC056 /* bookReader Watch App */,
				82CEE2B42F11686E002CC056 /* Products */,
			);
			sourceTree = "<group>";
		};
		82CEE2B42F11686E002CC056 /* Products */ = {
			isa = PBXGroup;
			children = (
				82CEE2B32F11686E002CC056 /* bookReader Watch App.app */,
			);
			name = Products;
			sourceTree = "<group>";
		};
		82CEE2C42F11687E002CC056 /* bookReader Watch App */ = {
			isa = PBXGroup;
			children = (
				82CEE2F82F11B251002CC056 /* bookReader-Watch-App-Info.plist */,
				82CEE2C12F11687E002CC056 /* Assets.xcassets */,
				82CEE2C22F11687E002CC056 /* bookReaderApp.swift */,
				82CEE2E92F116F72002CC056 /* AppConfig */,
				82CEE2CD2F116A4C002CC056 /* Service */,
				82CEE2CC2F116A45002CC056 /* Model */,
				82CEE2CE2F116A56002CC056 /* View */,
				82CEE2D52F116C0B002CC056 /* ViewModel */,
				82458E4D2F1265350021B230 /* ViewModifier */,
				82CEE3092F11E0DC002CC056 /* AppData.xcdatamodeld */,
				82CEE3082F11DDF1002CC056 /* Extensions */,
			);
			path = "bookReader Watch App";
			sourceTree = "<group>";
		};
		82CEE2CC2F116A45002CC056 /* Model */ = {
			isa = PBXGroup;
			children = (
				82CEE2CA2F116A3F002CC056 /* BookModel.swift */,
				82CEE2EC2F117144002CC056 /* RequestModel */,
			);
			path = Model;
			sourceTree = "<group>";
		};
		82CEE2CD2F116A4C002CC056 /* Service */ = {
			isa = PBXGroup;
			children = (
				82CEE2ED2F1171E6002CC056 /* NetworkService */,
				82CEE30C2F11E225002CC056 /* CoreDataService.swift */,
			);
			path = Service;
			sourceTree = "<group>";
		};
		82CEE2CE2F116A56002CC056 /* View */ = {
			isa = PBXGroup;
			children = (
				82CEE2FB2F11CDF9002CC056 /* HomeView.swift */,
				82458E4E2F1265BD0021B230 /* ChapterPickerView.swift */,
				82CEE2CF2F116BDA002CC056 /* ParentPageView.swift */,
				82CEE2D12F116BE5002CC056 /* PageView.swift */,
				82CEE2D82F116C66002CC056 /* ReusableView */,
			);
			path = View;
			sourceTree = "<group>";
		};
		82CEE2D52F116C0B002CC056 /* ViewModel */ = {
			isa = PBXGroup;
			children = (
				82CEE2D32F116C04002CC056 /* HomeViewModel.swift */,
				82CEE3202F1221C1002CC056 /* ParentPageViewModel.swift */,
				82CEE31E2F1210FA002CC056 /* PageViewModel.swift */,
			);
			path = ViewModel;
			sourceTree = "<group>";
		};
		82CEE2D82F116C66002CC056 /* ReusableView */ = {
			isa = PBXGroup;
			children = (
				82CEE2D62F116C61002CC056 /* LoadingView.swift */,
			);
			path = ReusableView;
			sourceTree = "<group>";
		};
		82CEE2E92F116F72002CC056 /* AppConfig */ = {
			isa = PBXGroup;
			children = (
				82CEE2E72F116F6C002CC056 /* Key.swift */,
			);
			path = AppConfig;
			sourceTree = "<group>";
		};
		82CEE2EC2F117144002CC056 /* RequestModel */ = {
			isa = PBXGroup;
			children = (
				82CEE2EA2F117140002CC056 /* Requestable.swift */,
				82CEE2E52F116F0D002CC056 /* FetchBookContentRequest.swift */,
				82CEE2F62F118F7D002CC056 /* ErrorNetworkResponse.swift */,
			);
			path = RequestModel;
			sourceTree = "<group>";
		};
		82CEE2ED2F1171E6002CC056 /* NetworkService */ = {
			isa = PBXGroup;
			children = (
				82CEE2C82F116A2F002CC056 /* NetworkService.swift */,
				82CEE2EE2F1171EF002CC056 /* RequestBuilder.swift */,
			);
			path = NetworkService;
			sourceTree = "<group>";
		};
		82CEE3082F11DDF1002CC056 /* Extensions */ = {
			isa = PBXGroup;
			children = (
				82CEE2F92F11B7E1002CC056 /* String.swift */,
			);
			path = Extensions;
			sourceTree = "<group>";
		};
/* End PBXGroup section */

/* Begin PBXNativeTarget section */
		82CEE2B22F11686E002CC056 /* bookReader Watch App */ = {
			isa = PBXNativeTarget;
			buildConfigurationList = 82CEE2BE2F116870002CC056 /* Build configuration list for PBXNativeTarget "bookReader Watch App" */;
			buildPhases = (
				82CEE2AF2F11686E002CC056 /* Sources */,
				82CEE2B02F11686E002CC056 /* Frameworks */,
				82CEE2B12F11686E002CC056 /* Resources */,
			);
			buildRules = (
			);
			dependencies = (
			);
			name = "bookReader Watch App";
			packageProductDependencies = (
			);
			productName = "bookReader Watch App";
			productReference = 82CEE2B32F11686E002CC056 /* bookReader Watch App.app */;
			productType = "com.apple.product-type.application";
		};
/* End PBXNativeTarget section */

/* Begin PBXProject section */
		82CEE2AB2F11686E002CC056 /* Project object */ = {
			isa = PBXProject;
			attributes = {
				BuildIndependentTargetsInParallel = 1;
				LastSwiftUpdateCheck = 2600;
				LastUpgradeCheck = 2600;
				TargetAttributes = {
					82CEE2B22F11686E002CC056 = {
						CreatedOnToolsVersion = 26.0;
					};
				};
			};
			buildConfigurationList = 82CEE2AE2F11686E002CC056 /* Build configuration list for PBXProject "bookReader" */;
			developmentRegion = en;
			hasScannedForEncodings = 0;
			knownRegions = (
				en,
				Base,
			);
			mainGroup = 82CEE2AA2F11686E002CC056;
			minimizedProjectReferenceProxies = 1;
			preferredProjectObjectVersion = 77;
			productRefGroup = 82CEE2B42F11686E002CC056 /* Products */;
			projectDirPath = "";
			projectRoot = "";
			targets = (
				82CEE2B22F11686E002CC056 /* bookReader Watch App */,
			);
		};
/* End PBXProject section */

/* Begin PBXResourcesBuildPhase section */
		82CEE2B12F11686E002CC056 /* Resources */ = {
			isa = PBXResourcesBuildPhase;
			buildActionMask = 2147483647;
			files = (
				82CEE2C72F11687E002CC056 /* Assets.xcassets in Resources */,
			);
			runOnlyForDeploymentPostprocessing = 0;
		};
/* End PBXResourcesBuildPhase section */

/* Begin PBXSourcesBuildPhase section */
		82CEE2AF2F11686E002CC056 /* Sources */ = {
			isa = PBXSourcesBuildPhase;
			buildActionMask = 2147483647;
			files = (
				82458E4C2F1263010021B230 /* BackgroundTextViewModifier.swift in Sources */,
				82CEE2C52F11687E002CC056 /* bookReaderApp.swift in Sources */,
				82458E4F2F1265BD0021B230 /* ChapterPickerView.swift in Sources */,
				82CEE2E62F116F0D002CC056 /* FetchBookContentRequest.swift in Sources */,
				82CEE2E82F116F6C002CC056 /* Key.swift in Sources */,
				82CEE2EF2F1171EF002CC056 /* RequestBuilder.swift in Sources */,
				82CEE2D22F116BE5002CC056 /* PageView.swift in Sources */,
				82CEE30B2F11E0DC002CC056 /* AppData.xcdatamodeld in Sources */,
				82CEE2D42F116C04002CC056 /* HomeViewModel.swift in Sources */,
				82CEE31F2F1210FA002CC056 /* PageViewModel.swift in Sources */,
				82CEE2C92F116A2F002CC056 /* NetworkService.swift in Sources */,
				82CEE2D02F116BDA002CC056 /* ParentPageView.swift in Sources */,
				82CEE2D72F116C61002CC056 /* LoadingView.swift in Sources */,
				82CEE30D2F11E225002CC056 /* CoreDataService.swift in Sources */,
				82CEE2CB2F116A40002CC056 /* BookModel.swift in Sources */,
				82CEE2FA2F11B7E1002CC056 /* String.swift in Sources */,
				82CEE2F72F118F7D002CC056 /* ErrorNetworkResponse.swift in Sources */,
				82CEE2EB2F117140002CC056 /* Requestable.swift in Sources */,
				82CEE2FC2F11CDF9002CC056 /* HomeView.swift in Sources */,
				82CEE3212F1221C1002CC056 /* ParentPageViewModel.swift in Sources */,
			);
			runOnlyForDeploymentPostprocessing = 0;
		};
/* End PBXSourcesBuildPhase section */

/* Begin XCBuildConfiguration section */
		82CEE2BC2F116870002CC056 /* Debug */ = {
			isa = XCBuildConfiguration;
			buildSettings = {
				ALWAYS_SEARCH_USER_PATHS = NO;
				ASSETCATALOG_COMPILER_GENERATE_SWIFT_ASSET_SYMBOL_EXTENSIONS = YES;
				CLANG_ANALYZER_NONNULL = YES;
				CLANG_ANALYZER_NUMBER_OBJECT_CONVERSION = YES_AGGRESSIVE;
				CLANG_CXX_LANGUAGE_STANDARD = "gnu++20";
				CLANG_ENABLE_MODULES = YES;
				CLANG_ENABLE_OBJC_ARC = YES;
				CLANG_ENABLE_OBJC_WEAK = YES;
				CLANG_WARN_BLOCK_CAPTURE_AUTORELEASING = YES;
				CLANG_WARN_BOOL_CONVERSION = YES;
				CLANG_WARN_COMMA = YES;
				CLANG_WARN_CONSTANT_CONVERSION = YES;
				CLANG_WARN_DEPRECATED_OBJC_IMPLEMENTATIONS = YES;
				CLANG_WARN_DIRECT_OBJC_ISA_USAGE = YES_ERROR;
				CLANG_WARN_DOCUMENTATION_COMMENTS = YES;
				CLANG_WARN_EMPTY_BODY = YES;
				CLANG_WARN_ENUM_CONVERSION = YES;
				CLANG_WARN_INFINITE_RECURSION = YES;
				CLANG_WARN_INT_CONVERSION = YES;
				CLANG_WARN_NON_LITERAL_NULL_CONVERSION = YES;
				CLANG_WARN_OBJC_IMPLICIT_RETAIN_SELF = YES;
				CLANG_WARN_OBJC_LITERAL_CONVERSION = YES;
				CLANG_WARN_OBJC_ROOT_CLASS = YES_ERROR;
				CLANG_WARN_QUOTED_INCLUDE_IN_FRAMEWORK_HEADER = YES;
				CLANG_WARN_RANGE_LOOP_ANALYSIS = YES;
				CLANG_WARN_STRICT_PROTOTYPES = YES;
				CLANG_WARN_SUSPICIOUS_MOVE = YES;
				CLANG_WARN_UNGUARDED_AVAILABILITY = YES_AGGRESSIVE;
				CLANG_WARN_UNREACHABLE_CODE = YES;
				CLANG_WARN__DUPLICATE_METHOD_MATCH = YES;
				COPY_PHASE_STRIP = NO;
				DEBUG_INFORMATION_FORMAT = dwarf;
				DEVELOPMENT_TEAM = FQA2XH9ZUM;
				ENABLE_STRICT_OBJC_MSGSEND = YES;
				ENABLE_TESTABILITY = YES;
				ENABLE_USER_SCRIPT_SANDBOXING = YES;
				GCC_C_LANGUAGE_STANDARD = gnu17;
				GCC_DYNAMIC_NO_PIC = NO;
				GCC_NO_COMMON_BLOCKS = YES;
				GCC_OPTIMIZATION_LEVEL = 0;
				GCC_PREPROCESSOR_DEFINITIONS = (
					"DEBUG=1",
					"$(inherited)",
				);
				GCC_WARN_64_TO_32_BIT_CONVERSION = YES;
				GCC_WARN_ABOUT_RETURN_TYPE = YES_ERROR;
				GCC_WARN_UNDECLARED_SELECTOR = YES;
				GCC_WARN_UNINITIALIZED_AUTOS = YES_AGGRESSIVE;
				GCC_WARN_UNUSED_FUNCTION = YES;
				GCC_WARN_UNUSED_VARIABLE = YES;
				LOCALIZATION_PREFERS_STRING_CATALOGS = YES;
				MTL_ENABLE_DEBUG_INFO = INCLUDE_SOURCE;
				MTL_FAST_MATH = YES;
				ONLY_ACTIVE_ARCH = YES;
				SWIFT_ACTIVE_COMPILATION_CONDITIONS = "DEBUG $(inherited)";
				SWIFT_OPTIMIZATION_LEVEL = "-Onone";
			};
			name = Debug;
		};
		82CEE2BD2F116870002CC056 /* Release */ = {
			isa = XCBuildConfiguration;
			buildSettings = {
				ALWAYS_SEARCH_USER_PATHS = NO;
				ASSETCATALOG_COMPILER_GENERATE_SWIFT_ASSET_SYMBOL_EXTENSIONS = YES;
				CLANG_ANALYZER_NONNULL = YES;
				CLANG_ANALYZER_NUMBER_OBJECT_CONVERSION = YES_AGGRESSIVE;
				CLANG_CXX_LANGUAGE_STANDARD = "gnu++20";
				CLANG_ENABLE_MODULES = YES;
				CLANG_ENABLE_OBJC_ARC = YES;
				CLANG_ENABLE_OBJC_WEAK = YES;
				CLANG_WARN_BLOCK_CAPTURE_AUTORELEASING = YES;
				CLANG_WARN_BOOL_CONVERSION = YES;
				CLANG_WARN_COMMA = YES;
				CLANG_WARN_CONSTANT_CONVERSION = YES;
				CLANG_WARN_DEPRECATED_OBJC_IMPLEMENTATIONS = YES;
				CLANG_WARN_DIRECT_OBJC_ISA_USAGE = YES_ERROR;
				CLANG_WARN_DOCUMENTATION_COMMENTS = YES;
				CLANG_WARN_EMPTY_BODY = YES;
				CLANG_WARN_ENUM_CONVERSION = YES;
				CLANG_WARN_INFINITE_RECURSION = YES;
				CLANG_WARN_INT_CONVERSION = YES;
				CLANG_WARN_NON_LITERAL_NULL_CONVERSION = YES;
				CLANG_WARN_OBJC_IMPLICIT_RETAIN_SELF = YES;
				CLANG_WARN_OBJC_LITERAL_CONVERSION = YES;
				CLANG_WARN_OBJC_ROOT_CLASS = YES_ERROR;
				CLANG_WARN_QUOTED_INCLUDE_IN_FRAMEWORK_HEADER = YES;
				CLANG_WARN_RANGE_LOOP_ANALYSIS = YES;
				CLANG_WARN_STRICT_PROTOTYPES = YES;
				CLANG_WARN_SUSPICIOUS_MOVE = YES;
				CLANG_WARN_UNGUARDED_AVAILABILITY = YES_AGGRESSIVE;
				CLANG_WARN_UNREACHABLE_CODE = YES;
				CLANG_WARN__DUPLICATE_METHOD_MATCH = YES;
				COPY_PHASE_STRIP = NO;
				DEBUG_INFORMATION_FORMAT = "dwarf-with-dsym";
				DEVELOPMENT_TEAM = FQA2XH9ZUM;
				ENABLE_NS_ASSERTIONS = NO;
				ENABLE_STRICT_OBJC_MSGSEND = YES;
				ENABLE_USER_SCRIPT_SANDBOXING = YES;
				GCC_C_LANGUAGE_STANDARD = gnu17;
				GCC_NO_COMMON_BLOCKS = YES;
				GCC_WARN_64_TO_32_BIT_CONVERSION = YES;
				GCC_WARN_ABOUT_RETURN_TYPE = YES_ERROR;
				GCC_WARN_UNDECLARED_SELECTOR = YES;
				GCC_WARN_UNINITIALIZED_AUTOS = YES_AGGRESSIVE;
				GCC_WARN_UNUSED_FUNCTION = YES;
				GCC_WARN_UNUSED_VARIABLE = YES;
				LOCALIZATION_PREFERS_STRING_CATALOGS = YES;
				MTL_ENABLE_DEBUG_INFO = NO;
				MTL_FAST_MATH = YES;
				SWIFT_COMPILATION_MODE = wholemodule;
			};
			name = Release;
		};
		82CEE2BF2F116870002CC056 /* Debug */ = {
			isa = XCBuildConfiguration;
			buildSettings = {
				ASSETCATALOG_COMPILER_APPICON_NAME = AppIcon;
				ASSETCATALOG_COMPILER_GLOBAL_ACCENT_COLOR_NAME = AccentColor;
				CODE_SIGN_STYLE = Automatic;
				CURRENT_PROJECT_VERSION = 1;
				DEVELOPMENT_TEAM = FQA2XH9ZUM;
				ENABLE_PREVIEWS = YES;
				GENERATE_INFOPLIST_FILE = YES;
				INFOPLIST_FILE = "bookReader-Watch-App-Info.plist";
				INFOPLIST_KEY_CFBundleDisplayName = bookReader;
				INFOPLIST_KEY_UISupportedInterfaceOrientations = "UIInterfaceOrientationPortrait UIInterfaceOrientationPortraitUpsideDown";
				INFOPLIST_KEY_WKCompanionAppBundleIdentifier = "";
				LD_RUNPATH_SEARCH_PATHS = (
					"$(inherited)",
					"@executable_path/Frameworks",
				);
				MARKETING_VERSION = 1.0;
				PRODUCT_BUNDLE_IDENTIFIER = .watchkitapp;
				PRODUCT_NAME = "$(TARGET_NAME)";
				SDKROOT = watchos;
				SKIP_INSTALL = YES;
				STRING_CATALOG_GENERATE_SYMBOLS = YES;
				SWIFT_APPROACHABLE_CONCURRENCY = YES;
				SWIFT_DEFAULT_ACTOR_ISOLATION = MainActor;
				SWIFT_EMIT_LOC_STRINGS = YES;
				SWIFT_UPCOMING_FEATURE_MEMBER_IMPORT_VISIBILITY = YES;
				SWIFT_VERSION = 5.0;
				TARGETED_DEVICE_FAMILY = 4;
				WATCHOS_DEPLOYMENT_TARGET = 9.0;
			};
			name = Debug;
		};
		82CEE2C02F116870002CC056 /* Release */ = {
			isa = XCBuildConfiguration;
			buildSettings = {
				ASSETCATALOG_COMPILER_APPICON_NAME = AppIcon;
				ASSETCATALOG_COMPILER_GLOBAL_ACCENT_COLOR_NAME = AccentColor;
				CODE_SIGN_STYLE = Automatic;
				CURRENT_PROJECT_VERSION = 1;
				DEVELOPMENT_TEAM = FQA2XH9ZUM;
				ENABLE_PREVIEWS = YES;
				GENERATE_INFOPLIST_FILE = YES;
				INFOPLIST_FILE = "bookReader-Watch-App-Info.plist";
				INFOPLIST_KEY_CFBundleDisplayName = bookReader;
				INFOPLIST_KEY_UISupportedInterfaceOrientations = "UIInterfaceOrientationPortrait UIInterfaceOrientationPortraitUpsideDown";
				INFOPLIST_KEY_WKCompanionAppBundleIdentifier = "";
				LD_RUNPATH_SEARCH_PATHS = (
					"$(inherited)",
					"@executable_path/Frameworks",
				);
				MARKETING_VERSION = 1.0;
				PRODUCT_BUNDLE_IDENTIFIER = .watchkitapp;
				PRODUCT_NAME = "$(TARGET_NAME)";
				SDKROOT = watchos;
				SKIP_INSTALL = YES;
				STRING_CATALOG_GENERATE_SYMBOLS = YES;
				SWIFT_APPROACHABLE_CONCURRENCY = YES;
				SWIFT_DEFAULT_ACTOR_ISOLATION = MainActor;
				SWIFT_EMIT_LOC_STRINGS = YES;
				SWIFT_UPCOMING_FEATURE_MEMBER_IMPORT_VISIBILITY = YES;
				SWIFT_VERSION = 5.0;
				TARGETED_DEVICE_FAMILY = 4;
				VALIDATE_PRODUCT = YES;
				WATCHOS_DEPLOYMENT_TARGET = 9.0;
			};
			name = Release;
		};
/* End XCBuildConfiguration section */

/* Begin XCConfigurationList section */
		82CEE2AE2F11686E002CC056 /* Build configuration list for PBXProject "bookReader" */ = {
			isa = XCConfigurationList;
			buildConfigurations = (
				82CEE2BC2F116870002CC056 /* Debug */,
				82CEE2BD2F116870002CC056 /* Release */,
			);
			defaultConfigurationIsVisible = 0;
			defaultConfigurationName = Release;
		};
		82CEE2BE2F116870002CC056 /* Build configuration list for PBXNativeTarget "bookReader Watch App" */ = {
			isa = XCConfigurationList;
			buildConfigurations = (
				82CEE2BF2F116870002CC056 /* Debug */,
				82CEE2C02F116870002CC056 /* Release */,
			);
			defaultConfigurationIsVisible = 0;
			defaultConfigurationName = Release;
		};
/* End XCConfigurationList section */

/* Begin XCVersionGroup section */
		82CEE3092F11E0DC002CC056 /* AppData.xcdatamodeld */ = {
			isa = XCVersionGroup;
			children = (
				82CEE30A2F11E0DC002CC056 /* AppData.xcdatamodel */,
			);
			currentVersion = 82CEE30A2F11E0DC002CC056 /* AppData.xcdatamodel */;
			path = AppData.xcdatamodeld;
			sourceTree = "<group>";
			versionGroupType = wrapper.xcdatamodel;
		};
/* End XCVersionGroup section */
	};
	rootObject = 82CEE2AB2F11686E002CC056 /* Project object */;
}
